
Microsoft Visual Studio Solution File, Format Version 12.00
# Visual Studio Version 17
VisualStudioVersion = 17.14.36603.0 d17.14
MinimumVisualStudioVersion = 10.0.40219.1
Project("{FAE04EC0-301F-11D3-BF4B-00C04F79EFBC}") = "Bugify.API", "Bugify.API\Bugify.API.csproj", "{6EC10B2B-A24A-4D72-A3FA-5A68DBCD29E9}"
EndProject
Project("{FAE04EC0-301F-11D3-BF4B-00C04F79EFBC}") = "Bugify.UI", "Bugify.UI\Bugify.UI.csproj", "{D9D24F81-3EDB-4340-B142-63C9CAF2EA8B}"
EndProject
Global
	GlobalSection(SolutionConfigurationPlatforms) = preSolution
		Debug|Any CPU = Debug|Any CPU
		Release|Any CPU = Release|Any CPU
	EndGlobalSection
	GlobalSection(ProjectConfigurationPlatforms) = postSolution
		{6EC10B2B-A24A-4D72-A3FA-5A68DBCD29E9}.Debug|Any CPU.ActiveCfg = Debug|Any CPU
		{6EC10B2B-A24A-4D72-A3FA-5A68DBCD29E9}.Debug|Any CPU.Build.0 = Debug|Any CPU
		{6EC10B2B-A24A-4D72-A3FA-5A68DBCD29E9}.Release|Any CPU.ActiveCfg = Release|Any CPU
		{6EC10B2B-A24A-4D72-A3FA-5A68DBCD29E9}.Release|Any CPU.Build.0 = Release|Any CPU
		{D9D24F81-3EDB-4340-B142-63C9CAF2EA8B}.Debug|Any CPU.ActiveCfg = Debug|Any CPU
		{D9D24F81-3EDB-4340-B142-63C9CAF2EA8B}.Debug|Any CPU.Build.0 = Debug|Any CPU
		{D9D24F81-3EDB-4340-B142-63C9CAF2EA8B}.Release|Any CPU.ActiveCfg = Release|Any CPU
		{D9D24F81-3EDB-4340-B142-63C9CAF2EA8B}.Release|Any CPU.Build.0 = Release|Any CPU
	EndGlobalSection
	GlobalSection(SolutionProperties) = preSolution
		HideSolutionNode = FALSE
	EndGlobalSection
	GlobalSection(ExtensibilityGlobals) = postSolution
		SolutionGuid = {AE8EB8B3-E49D-408E-8447-0B2CE5B0403B}
	EndGlobalSection
EndGlobal
